
Microsoft Visual Studio Solution File, Format Version 12.00
# Visual Studio Version 17
VisualStudioVersion = 17.3.32901.215
MinimumVisualStudioVersion = 10.0.40219.1
Project("{2150E333-8FDC-42A3-9474-1A3956D46DE8}") = "src", "src", "{F16DACA2-B0EB-43C3-B345-AF59DD555EF8}"
EndProject
Project("{2150E333-8FDC-42A3-9474-1A3956D46DE8}") = "tests", "tests", "{FF71AABB-3861-439B-A296-BD1EBC0E4165}"
EndProject
Project("{FAE04EC0-301F-11D3-BF4B-00C04F79EFBC}") = "SoftwareDeveloperCase.Domain", "src\SoftwareDeveloperCase.Domain\SoftwareDeveloperCase.Domain.csproj", "{B9C5CF85-B97F-D955-BEBC-042531406C55}"
EndProject
Project("{FAE04EC0-301F-11D3-BF4B-00C04F79EFBC}") = "SoftwareDeveloperCase.Application", "src\SoftwareDeveloperCase.Application\SoftwareDeveloperCase.Application.csproj", "{8EBFC586-2A79-BDDF-A784-C8A7092F6D9D}"
EndProject
Project("{FAE04EC0-301F-11D3-BF4B-00C04F79EFBC}") = "SoftwareDeveloperCase.Api", "src\SoftwareDeveloperCase.Api\SoftwareDeveloperCase.Api.csproj", "{75C18CF0-AC3B-243C-9117-F1F80E86BF44}"
EndProject
Project("{FAE04EC0-301F-11D3-BF4B-00C04F79EFBC}") = "SoftwareDeveloperCase.Infrastructure", "src\SoftwareDeveloperCase.Infrastructure\SoftwareDeveloperCase.Infrastructure.csproj", "{1E113817-9DD9-A321-8F11-A066354987CF}"
EndProject
Project("{FAE04EC0-301F-11D3-BF4B-00C04F79EFBC}") = "SoftwareDeveloperCase.Test.Unit", "tests\SoftwareDeveloperCase.Test.Unit\SoftwareDeveloperCase.Test.Unit.csproj", "{9C2E0F2F-181B-CF45-68CE-FA3EB137FAEB}"
EndProject
Project("{FAE04EC0-301F-11D3-BF4B-00C04F79EFBC}") = "SoftwareDeveloperCase.Test.Integration", "tests\SoftwareDeveloperCase.Test.Integration\SoftwareDeveloperCase.Test.Integration.csproj", "{A1B2C3D4-E5F6-7890-ABCD-EF1234567890}"
EndProject
Global
	GlobalSection(SolutionConfigurationPlatforms) = preSolution
		Debug|Any CPU = Debug|Any CPU
		Release|Any CPU = Release|Any CPU
	EndGlobalSection
	GlobalSection(ProjectConfigurationPlatforms) = postSolution
		{B9C5CF85-B97F-D955-BEBC-042531406C55}.Debug|Any CPU.ActiveCfg = Debug|Any CPU
		{B9C5CF85-B97F-D955-BEBC-042531406C55}.Debug|Any CPU.Build.0 = Debug|Any CPU
		{B9C5CF85-B97F-D955-BEBC-042531406C55}.Release|Any CPU.ActiveCfg = Release|Any CPU
		{B9C5CF85-B97F-D955-BEBC-042531406C55}.Release|Any CPU.Build.0 = Release|Any CPU
		{8EBFC586-2A79-BDDF-A784-C8A7092F6D9D}.Debug|Any CPU.ActiveCfg = Debug|Any CPU
		{8EBFC586-2A79-BDDF-A784-C8A7092F6D9D}.Debug|Any CPU.Build.0 = Debug|Any CPU
		{8EBFC586-2A79-BDDF-A784-C8A7092F6D9D}.Release|Any CPU.ActiveCfg = Release|Any CPU
		{8EBFC586-2A79-BDDF-A784-C8A7092F6D9D}.Release|Any CPU.Build.0 = Release|Any CPU
		{75C18CF0-AC3B-243C-9117-F1F80E86BF44}.Debug|Any CPU.ActiveCfg = Debug|Any CPU
		{75C18CF0-AC3B-243C-9117-F1F80E86BF44}.Debug|Any CPU.Build.0 = Debug|Any CPU
		{75C18CF0-AC3B-243C-9117-F1F80E86BF44}.Release|Any CPU.ActiveCfg = Release|Any CPU
		{75C18CF0-AC3B-243C-9117-F1F80E86BF44}.Release|Any CPU.Build.0 = Release|Any CPU
		{1E113817-9DD9-A321-8F11-A066354987CF}.Debug|Any CPU.ActiveCfg = Debug|Any CPU
		{1E113817-9DD9-A321-8F11-A066354987CF}.Debug|Any CPU.Build.0 = Debug|Any CPU
		{1E113817-9DD9-A321-8F11-A066354987CF}.Release|Any CPU.ActiveCfg = Release|Any CPU
		{1E113817-9DD9-A321-8F11-A066354987CF}.Release|Any CPU.Build.0 = Release|Any CPU
		{9C2E0F2F-181B-CF45-68CE-FA3EB137FAEB}.Debug|Any CPU.ActiveCfg = Debug|Any CPU
		{9C2E0F2F-181B-CF45-68CE-FA3EB137FAEB}.Debug|Any CPU.Build.0 = Debug|Any CPU
		{9C2E0F2F-181B-CF45-68CE-FA3EB137FAEB}.Release|Any CPU.ActiveCfg = Release|Any CPU
		{9C2E0F2F-181B-CF45-68CE-FA3EB137FAEB}.Release|Any CPU.Build.0 = Release|Any CPU
		{A1B2C3D4-E5F6-7890-ABCD-EF1234567890}.Debug|Any CPU.ActiveCfg = Debug|Any CPU
		{A1B2C3D4-E5F6-7890-ABCD-EF1234567890}.Debug|Any CPU.Build.0 = Debug|Any CPU
		{A1B2C3D4-E5F6-7890-ABCD-EF1234567890}.Release|Any CPU.ActiveCfg = Release|Any CPU
		{A1B2C3D4-E5F6-7890-ABCD-EF1234567890}.Release|Any CPU.Build.0 = Release|Any CPU
	EndGlobalSection
	GlobalSection(SolutionProperties) = preSolution
		HideSolutionNode = FALSE
	EndGlobalSection
	GlobalSection(NestedProjects) = preSolution
		{B9C5CF85-B97F-D955-BEBC-042531406C55} = {F16DACA2-B0EB-43C3-B345-AF59DD555EF8}
		{8EBFC586-2A79-BDDF-A784-C8A7092F6D9D} = {F16DACA2-B0EB-43C3-B345-AF59DD555EF8}
		{75C18CF0-AC3B-243C-9117-F1F80E86BF44} = {F16DACA2-B0EB-43C3-B345-AF59DD555EF8}
		{1E113817-9DD9-A321-8F11-A066354987CF} = {F16DACA2-B0EB-43C3-B345-AF59DD555EF8}
		{9C2E0F2F-181B-CF45-68CE-FA3EB137FAEB} = {FF71AABB-3861-439B-A296-BD1EBC0E4165}
		{A1B2C3D4-E5F6-7890-ABCD-EF1234567890} = {FF71AABB-3861-439B-A296-BD1EBC0E4165}
	EndGlobalSection
	GlobalSection(ExtensibilityGlobals) = postSolution
		SolutionGuid = {0C6F4C0C-43BA-488A-9073-95C45AD5A328}
	EndGlobalSection
EndGlobal
